<?xml version="1.0" encoding="UTF-8" standalone="yes" ?>
<CodeBlocks_project_file>
	<FileVersion major="1" minor="6" />
	<Project>
		<Option title="Allegro Game" />
		<Option pch_mode="2" />
		<Option compiler="gcc" />
		<Build>
			<Target title="Debug">
				<Option output="bin/Debug/Allegro Game" prefix_auto="1" extension_auto="1" />
				<Option object_output="obj/Debug/" />
				<Option type="1" />
				<Option compiler="gcc" />
				<Compiler>
					<Add option="-g" />
				</Compiler>
				<Linker>
					<Add library="C:/allegro-5.0.10-mingw-4.7.0/lib/liballegro-5.0.10-monolith-mt-debug.a" />
				</Linker>
			</Target>
			<Target title="Release">
				<Option output="bin/Release/Allegro Game" prefix_auto="1" extension_auto="1" />
				<Option object_output="obj/Release/" />
				<Option type="1" />
				<Option compiler="gcc" />
				<Compiler>
					<Add option="-O2" />
				</Compiler>
				<Linker>
					<Add option="-s" />
					<Add library="C:/allegro-5.0.10-mingw-4.7.0/lib/liballegro-5.0.10-monolith-mt.a" />
				</Linker>
			</Target>
		</Build>
		<Compiler>
			<Add option="-Wall" />
			<Add directory="C:/allegro-5.0.10-mingw-4.7.0/include" />
		</Compiler>
		<Unit filename="arquivos/map64x36.txt" />
		<Unit filename="arquivos/mapa2.64x36.txt" />
		<Unit filename="src/attacks.c">
			<Option compilerVar="CC" />
		</Unit>
		<Unit filename="src/controlls.c">
			<Option compilerVar="CC" />
		</Unit>
		<Unit filename="src/draw.c">
			<Option compilerVar="CC" />
		</Unit>
		<Unit filename="src/headers.h" />
		<Unit filename="src/level.c">
			<Option compilerVar="CC" />
		</Unit>
		<Unit filename="src/main.c">
			<Option compilerVar="CC" />
		</Unit>
		<Unit filename="src/maps.c">
			<Option compilerVar="CC" />
		</Unit>
		<Unit filename="src/menuPause.c">
			<Option compilerVar="CC" />
		</Unit>
		<Unit filename="src/move.c">
			<Option compilerVar="CC" />
		</Unit>
		<Unit filename="src/sfx.c">
			<Option compilerVar="CC" />
		</Unit>
		<Unit filename="src/teste.c">
			<Option compilerVar="CC" />
		</Unit>
		<Extensions />
	</Project>
</CodeBlocks_project_file>
